// !$*UTF8*$!
{
	archiveVersion = 1;
	classes = {
	};
	objectVersion = 77;
	objects = {

/* Begin PBXBuildFile section */
		AB729C002D4887E1004D3F13 /* SwiftDotenv in Frameworks */ = {isa = PBXBuildFile; productRef = AB729BFF2D4887E1004D3F13 /* SwiftDotenv */; };
/* End PBXBuildFile section */

/* Begin PBXContainerItemProxy section */
		AB5465D62D46F81600E7517A /* PBXContainerItemProxy */ = {
			isa = PBXContainerItemProxy;
			containerPortal = AB5465BD2D46F81500E7517A /* Project object */;
			proxyType = 1;
			remoteGlobalIDString = AB5465C42D46F81500E7517A;
			remoteInfo = Gesturo;
		};
		AB5465E02D46F81600E7517A /* PBXContainerItemProxy */ = {
			isa = PBXContainerItemProxy;
			containerPortal = AB5465BD2D46F81500E7517A /* Project object */;
			proxyType = 1;
			remoteGlobalIDString = AB5465C42D46F81500E7517A;
			remoteInfo = Gesturo;
		};
/* End PBXContainerItemProxy section */

/* Begin PBXFileReference section */
		AB5465C52D46F81500E7517A /* Gesturo.app */ = {isa = PBXFileReference; explicitFileType = wrapper.application; includeInIndex = 0; path = Gesturo.app; sourceTree = BUILT_PRODUCTS_DIR; };
		AB5465D52D46F81600E7517A /* GesturoTests.xctest */ = {isa = PBXFileReference; explicitFileType = wrapper.cfbundle; includeInIndex = 0; path = GesturoTests.xctest; sourceTree = BUILT_PRODUCTS_DIR; };
		AB5465DF2D46F81600E7517A /* GesturoUITests.xctest */ = {isa = PBXFileReference; explicitFileType = wrapper.cfbundle; includeInIndex = 0; path = GesturoUITests.xctest; sourceTree = BUILT_PRODUCTS_DIR; };
/* End PBXFileReference section */

/* Begin PBXFileSystemSynchronizedBuildFileExceptionSet section */
		AB5466082D46FC1900E7517A /* Exceptions for "Gesturo" folder in "Gesturo" target */ = {
			isa = PBXFileSystemSynchronizedBuildFileExceptionSet;
			membershipExceptions = (
				Info.plist,
			);
			target = AB5465C42D46F81500E7517A /* Gesturo */;
		};
/* End PBXFileSystemSynchronizedBuildFileExceptionSet section */

/* Begin PBXFileSystemSynchronizedRootGroup section */
		AB5465C72D46F81500E7517A /* Gesturo */ = {
			isa = PBXFileSystemSynchronizedRootGroup;
			exceptions = (
				AB5466082D46FC1900E7517A /* Exceptions for "Gesturo" folder in "Gesturo" target */,
			);
			path = Gesturo;
			sourceTree = "<group>";
		};
		AB5465D82D46F81600E7517A /* GesturoTests */ = {
			isa = PBXFileSystemSynchronizedRootGroup;
			path = GesturoTests;
			sourceTree = "<group>";
		};
		AB5465E22D46F81600E7517A /* GesturoUITests */ = {
			isa = PBXFileSystemSynchronizedRootGroup;
			path = GesturoUITests;
			sourceTree = "<group>";
		};
/* End PBXFileSystemSynchronizedRootGroup section */

/* Begin PBXFrameworksBuildPhase section */
		AB5465C22D46F81500E7517A /* Frameworks */ = {
			isa = PBXFrameworksBuildPhase;
			buildActionMask = 2147483647;
			files = (
				AB729C002D4887E1004D3F13 /* SwiftDotenv in Frameworks */,
			);
			runOnlyForDeploymentPostprocessing = 0;
		};
		AB5465D22D46F81600E7517A /* Frameworks */ = {
			isa = PBXFrameworksBuildPhase;
			buildActionMask = 2147483647;
			files = (
			);
			runOnlyForDeploymentPostprocessing = 0;
		};
		AB5465DC2D46F81600E7517A /* Frameworks */ = {
			isa = PBXFrameworksBuildPhase;
			buildActionMask = 2147483647;
			files = (
			);
			runOnlyForDeploymentPostprocessing = 0;
		};
/* End PBXFrameworksBuildPhase section */

/* Begin PBXGroup section */
		AB5465BC2D46F81500E7517A = {
			isa = PBXGroup;
			children = (
				AB5465C72D46F81500E7517A /* Gesturo */,
				AB5465D82D46F81600E7517A /* GesturoTests */,
				AB5465E22D46F81600E7517A /* GesturoUITests */,
				AB5465C62D46F81500E7517A /* Products */,
			);
			sourceTree = "<group>";
		};
		AB5465C62D46F81500E7517A /* Products */ = {
			isa = PBXGroup;
			children = (
				AB5465C52D46F81500E7517A /* Gesturo.app */,
				AB5465D52D46F81600E7517A /* GesturoTests.xctest */,
				AB5465DF2D46F81600E7517A /* GesturoUITests.xctest */,
			);
			name = Products;
			sourceTree = "<group>";
		};
/* End PBXGroup section */

/* Begin PBXNativeTarget section */
		AB5465C42D46F81500E7517A /* Gesturo */ = {
			isa = PBXNativeTarget;
			buildConfigurationList = AB5465E92D46F81600E7517A /* Build configuration list for PBXNativeTarget "Gesturo" */;
			buildPhases = (
				AB5465C12D46F81500E7517A /* Sources */,
				AB5465C22D46F81500E7517A /* Frameworks */,
				AB5465C32D46F81500E7517A /* Resources */,
			);
			buildRules = (
			);
			dependencies = (
			);
			fileSystemSynchronizedGroups = (
				AB5465C72D46F81500E7517A /* Gesturo */,
			);
			name = Gesturo;
			packageProductDependencies = (
				AB729BFF2D4887E1004D3F13 /* SwiftDotenv */,
			);
			productName = Gesturo;
			productReference = AB5465C52D46F81500E7517A /* Gesturo.app */;
			productType = "com.apple.product-type.application";
		};
		AB5465D42D46F81600E7517A /* GesturoTests */ = {
			isa = PBXNativeTarget;
			buildConfigurationList = AB5465EC2D46F81600E7517A /* Build configuration list for PBXNativeTarget "GesturoTests" */;
			buildPhases = (
				AB5465D12D46F81600E7517A /* Sources */,
				AB5465D22D46F81600E7517A /* Frameworks */,
				AB5465D32D46F81600E7517A /* Resources */,
			);
			buildRules = (
			);
			dependencies = (
				AB5465D72D46F81600E7517A /* PBXTargetDependency */,
			);
			fileSystemSynchronizedGroups = (
				AB5465D82D46F81600E7517A /* GesturoTests */,
			);
			name = GesturoTests;
			packageProductDependencies = (
			);
			productName = GesturoTests;
			productReference = AB5465D52D46F81600E7517A /* GesturoTests.xctest */;
			productType = "com.apple.product-type.bundle.unit-test";
		};
		AB5465DE2D46F81600E7517A /* GesturoUITests */ = {
			isa = PBXNativeTarget;
			buildConfigurationList = AB5465EF2D46F81600E7517A /* Build configuration list for PBXNativeTarget "GesturoUITests" */;
			buildPhases = (
				AB5465DB2D46F81600E7517A /* Sources */,
				AB5465DC2D46F81600E7517A /* Frameworks */,
				AB5465DD2D46F81600E7517A /* Resources */,
			);
			buildRules = (
			);
			dependencies = (
				AB5465E12D46F81600E7517A /* PBXTargetDependency */,
			);
			fileSystemSynchronizedGroups = (
				AB5465E22D46F81600E7517A /* GesturoUITests */,
			);
			name = GesturoUITests;
			packageProductDependencies = (
			);
			productName = GesturoUITests;
			productReference = AB5465DF2D46F81600E7517A /* GesturoUITests.xctest */;
			productType = "com.apple.product-type.bundle.ui-testing";
		};
/* End PBXNativeTarget section */

/* Begin PBXProject section */
		AB5465BD2D46F81500E7517A /* Project object */ = {
			isa = PBXProject;
			attributes = {
				BuildIndependentTargetsInParallel = 1;
				LastSwiftUpdateCheck = 1620;
				LastUpgradeCheck = 1620;
				TargetAttributes = {
					AB5465C42D46F81500E7517A = {
						CreatedOnToolsVersion = 16.2;
					};
					AB5465D42D46F81600E7517A = {
						CreatedOnToolsVersion = 16.2;
						TestTargetID = AB5465C42D46F81500E7517A;
					};
					AB5465DE2D46F81600E7517A = {
						CreatedOnToolsVersion = 16.2;
						TestTargetID = AB5465C42D46F81500E7517A;
					};
				};
			};
			buildConfigurationList = AB5465C02D46F81500E7517A /* Build configuration list for PBXProject "Gesturo" */;
			developmentRegion = en;
			hasScannedForEncodings = 0;
			knownRegions = (
				en,
				Base,
			);
			mainGroup = AB5465BC2D46F81500E7517A;
			minimizedProjectReferenceProxies = 1;
			packageReferences = (
				AB729BFE2D4887E0004D3F13 /* XCRemoteSwiftPackageReference "swift-dotenv" */,
			);
			preferredProjectObjectVersion = 77;
			productRefGroup = AB5465C62D46F81500E7517A /* Products */;
			projectDirPath = "";
			projectRoot = "";
			targets = (
				AB5465C42D46F81500E7517A /* Gesturo */,
				AB5465D42D46F81600E7517A /* GesturoTests */,
				AB5465DE2D46F81600E7517A /* GesturoUITests */,
			);
		};
/* End PBXProject section */

/* Begin PBXResourcesBuildPhase section */
		AB5465C32D46F81500E7517A /* Resources */ = {
			isa = PBXResourcesBuildPhase;
			buildActionMask = 2147483647;
			files = (
			);
			runOnlyForDeploymentPostprocessing = 0;
		};
		AB5465D32D46F81600E7517A /* Resources */ = {
			isa = PBXResourcesBuildPhase;
			buildActionMask = 2147483647;
			files = (
			);
			runOnlyForDeploymentPostprocessing = 0;
		};
		AB5465DD2D46F81600E7517A /* Resources */ = {
			isa = PBXResourcesBuildPhase;
			buildActionMask = 2147483647;
			files = (
			);
			runOnlyForDeploymentPostprocessing = 0;
		};
/* End PBXResourcesBuildPhase section */

/* Begin PBXSourcesBuildPhase section */
		AB5465C12D46F81500E7517A /* Sources */ = {
			isa = PBXSourcesBuildPhase;
			buildActionMask = 2147483647;
			files = (
			);
			runOnlyForDeploymentPostprocessing = 0;
		};
		AB5465D12D46F81600E7517A /* Sources */ = {
			isa = PBXSourcesBuildPhase;
			buildActionMask = 2147483647;
			files = (
			);
			runOnlyForDeploymentPostprocessing = 0;
		};
		AB5465DB2D46F81600E7517A /* Sources */ = {
			isa = PBXSourcesBuildPhase;
			buildActionMask = 2147483647;
			files = (
			);
			runOnlyForDeploymentPostprocessing = 0;
		};
/* End PBXSourcesBuildPhase section */

/* Begin PBXTargetDependency section */
		AB5465D72D46F81600E7517A /* PBXTargetDependency */ = {
			isa = PBXTargetDependency;
			target = AB5465C42D46F81500E7517A /* Gesturo */;
			targetProxy = AB5465D62D46F81600E7517A /* PBXContainerItemProxy */;
		};
		AB5465E12D46F81600E7517A /* PBXTargetDependency */ = {
			isa = PBXTargetDependency;
			target = AB5465C42D46F81500E7517A /* Gesturo */;
			targetProxy = AB5465E02D46F81600E7517A /* PBXContainerItemProxy */;
		};
/* End PBXTargetDependency section */

/* Begin XCBuildConfiguration section */
		AB5465E72D46F81600E7517A /* Debug */ = {
			isa = XCBuildConfiguration;
			buildSettings = {
				ALWAYS_SEARCH_USER_PATHS = NO;
				ASSETCATALOG_COMPILER_GENERATE_SWIFT_ASSET_SYMBOL_EXTENSIONS = YES;
				CLANG_ANALYZER_NONNULL = YES;
				CLANG_ANALYZER_NUMBER_OBJECT_CONVERSION = YES_AGGRESSIVE;
				CLANG_CXX_LANGUAGE_STANDARD = "gnu++20";
				CLANG_ENABLE_MODULES = YES;
				CLANG_ENABLE_OBJC_ARC = YES;
				CLANG_ENABLE_OBJC_WEAK = YES;
				CLANG_WARN_BLOCK_CAPTURE_AUTORELEASING = YES;
				CLANG_WARN_BOOL_CONVERSION = YES;
				CLANG_WARN_COMMA = YES;
				CLANG_WARN_CONSTANT_CONVERSION = YES;
				CLANG_WARN_DEPRECATED_OBJC_IMPLEMENTATIONS = YES;
				CLANG_WARN_DIRECT_OBJC_ISA_USAGE = YES_ERROR;
				CLANG_WARN_DOCUMENTATION_COMMENTS = YES;
				CLANG_WARN_EMPTY_BODY = YES;
				CLANG_WARN_ENUM_CONVERSION = YES;
				CLANG_WARN_INFINITE_RECURSION = YES;
				CLANG_WARN_INT_CONVERSION = YES;
				CLANG_WARN_NON_LITERAL_NULL_CONVERSION = YES;
				CLANG_WARN_OBJC_IMPLICIT_RETAIN_SELF = YES;
				CLANG_WARN_OBJC_LITERAL_CONVERSION = YES;
				CLANG_WARN_OBJC_ROOT_CLASS = YES_ERROR;
				CLANG_WARN_QUOTED_INCLUDE_IN_FRAMEWORK_HEADER = YES;
				CLANG_WARN_RANGE_LOOP_ANALYSIS = YES;
				CLANG_WARN_STRICT_PROTOTYPES = YES;
				CLANG_WARN_SUSPICIOUS_MOVE = YES;
				CLANG_WARN_UNGUARDED_AVAILABILITY = YES_AGGRESSIVE;
				CLANG_WARN_UNREACHABLE_CODE = YES;
				CLANG_WARN__DUPLICATE_METHOD_MATCH = YES;
				COPY_PHASE_STRIP = NO;
				DEBUG_INFORMATION_FORMAT = dwarf;
				ENABLE_STRICT_OBJC_MSGSEND = YES;
				ENABLE_TESTABILITY = YES;
				ENABLE_USER_SCRIPT_SANDBOXING = YES;
				GCC_C_LANGUAGE_STANDARD = gnu17;
				GCC_DYNAMIC_NO_PIC = NO;
				GCC_NO_COMMON_BLOCKS = YES;
				GCC_OPTIMIZATION_LEVEL = 0;
				GCC_PREPROCESSOR_DEFINITIONS = (
					"DEBUG=1",
					"$(inherited)",
				);
				GCC_WARN_64_TO_32_BIT_CONVERSION = YES;
				GCC_WARN_ABOUT_RETURN_TYPE = YES_ERROR;
				GCC_WARN_UNDECLARED_SELECTOR = YES;
				GCC_WARN_UNINITIALIZED_AUTOS = YES_AGGRESSIVE;
				GCC_WARN_UNUSED_FUNCTION = YES;
				GCC_WARN_UNUSED_VARIABLE = YES;
				IPHONEOS_DEPLOYMENT_TARGET = 18.2;
				LOCALIZATION_PREFERS_STRING_CATALOGS = YES;
				MTL_ENABLE_DEBUG_INFO = INCLUDE_SOURCE;
				MTL_FAST_MATH = YES;
				ONLY_ACTIVE_ARCH = YES;
				SDKROOT = iphoneos;
				SWIFT_ACTIVE_COMPILATION_CONDITIONS = "DEBUG $(inherited)";
				SWIFT_OPTIMIZATION_LEVEL = "-Onone";
			};
			name = Debug;
		};
		AB5465E82D46F81600E7517A /* Release */ = {
			isa = XCBuildConfiguration;
			buildSettings = {
				ALWAYS_SEARCH_USER_PATHS = NO;
				ASSETCATALOG_COMPILER_GENERATE_SWIFT_ASSET_SYMBOL_EXTENSIONS = YES;
				CLANG_ANALYZER_NONNULL = YES;
				CLANG_ANALYZER_NUMBER_OBJECT_CONVERSION = YES_AGGRESSIVE;
				CLANG_CXX_LANGUAGE_STANDARD = "gnu++20";
				CLANG_ENABLE_MODULES = YES;
				CLANG_ENABLE_OBJC_ARC = YES;
				CLANG_ENABLE_OBJC_WEAK = YES;
				CLANG_WARN_BLOCK_CAPTURE_AUTORELEASING = YES;
				CLANG_WARN_BOOL_CONVERSION = YES;
				CLANG_WARN_COMMA = YES;
				CLANG_WARN_CONSTANT_CONVERSION = YES;
				CLANG_WARN_DEPRECATED_OBJC_IMPLEMENTATIONS = YES;
				CLANG_WARN_DIRECT_OBJC_ISA_USAGE = YES_ERROR;
				CLANG_WARN_DOCUMENTATION_COMMENTS = YES;
				CLANG_WARN_EMPTY_BODY = YES;
				CLANG_WARN_ENUM_CONVERSION = YES;
				CLANG_WARN_INFINITE_RECURSION = YES;
				CLANG_WARN_INT_CONVERSION = YES;
				CLANG_WARN_NON_LITERAL_NULL_CONVERSION = YES;
				CLANG_WARN_OBJC_IMPLICIT_RETAIN_SELF = YES;
				CLANG_WARN_OBJC_LITERAL_CONVERSION = YES;
				CLANG_WARN_OBJC_ROOT_CLASS = YES_ERROR;
				CLANG_WARN_QUOTED_INCLUDE_IN_FRAMEWORK_HEADER = YES;
				CLANG_WARN_RANGE_LOOP_ANALYSIS = YES;
				CLANG_WARN_STRICT_PROTOTYPES = YES;
				CLANG_WARN_SUSPICIOUS_MOVE = YES;
				CLANG_WARN_UNGUARDED_AVAILABILITY = YES_AGGRESSIVE;
				CLANG_WARN_UNREACHABLE_CODE = YES;
				CLANG_WARN__DUPLICATE_METHOD_MATCH = YES;
				COPY_PHASE_STRIP = NO;
				DEBUG_INFORMATION_FORMAT = "dwarf-with-dsym";
				ENABLE_NS_ASSERTIONS = NO;
				ENABLE_STRICT_OBJC_MSGSEND = YES;
				ENABLE_USER_SCRIPT_SANDBOXING = YES;
				GCC_C_LANGUAGE_STANDARD = gnu17;
				GCC_NO_COMMON_BLOCKS = YES;
				GCC_WARN_64_TO_32_BIT_CONVERSION = YES;
				GCC_WARN_ABOUT_RETURN_TYPE = YES_ERROR;
				GCC_WARN_UNDECLARED_SELECTOR = YES;
				GCC_WARN_UNINITIALIZED_AUTOS = YES_AGGRESSIVE;
				GCC_WARN_UNUSED_FUNCTION = YES;
				GCC_WARN_UNUSED_VARIABLE = YES;
				IPHONEOS_DEPLOYMENT_TARGET = 18.2;
				LOCALIZATION_PREFERS_STRING_CATALOGS = YES;
				MTL_ENABLE_DEBUG_INFO = NO;
				MTL_FAST_MATH = YES;
				SDKROOT = iphoneos;
				SWIFT_COMPILATION_MODE = wholemodule;
				VALIDATE_PRODUCT = YES;
			};
			name = Release;
		};
		AB5465EA2D46F81600E7517A /* Debug */ = {
			isa = XCBuildConfiguration;
			buildSettings = {
				ASSETCATALOG_COMPILER_APPICON_NAME = AppIcon;
				ASSETCATALOG_COMPILER_GLOBAL_ACCENT_COLOR_NAME = AccentColor;
				CODE_SIGN_STYLE = Automatic;
				CURRENT_PROJECT_VERSION = 1;
				DEVELOPMENT_ASSET_PATHS = "\"Gesturo/Preview Content\"";
				DEVELOPMENT_TEAM = S8WS39SLKW;
				ENABLE_PREVIEWS = YES;
				GENERATE_INFOPLIST_FILE = YES;
				INFOPLIST_FILE = Gesturo/Info.plist;
				INFOPLIST_KEY_UIApplicationSceneManifest_Generation = YES;
				INFOPLIST_KEY_UIApplicationSupportsIndirectInputEvents = YES;
				INFOPLIST_KEY_UILaunchScreen_Generation = YES;
				INFOPLIST_KEY_UISupportedInterfaceOrientations_iPad = "UIInterfaceOrientationPortrait UIInterfaceOrientationPortraitUpsideDown UIInterfaceOrientationLandscapeLeft UIInterfaceOrientationLandscapeRight";
				INFOPLIST_KEY_UISupportedInterfaceOrientations_iPhone = "UIInterfaceOrientationPortrait UIInterfaceOrientationLandscapeLeft UIInterfaceOrientationLandscapeRight";
				IPHONEOS_DEPLOYMENT_TARGET = 17.6;
				LD_RUNPATH_SEARCH_PATHS = (
					"$(inherited)",
					"@executable_path/Frameworks",
				);
				MARKETING_VERSION = 1.0;
				PRODUCT_BUNDLE_IDENTIFIER = com.dechengz.Gesturo;
				PRODUCT_NAME = "$(TARGET_NAME)";
				SWIFT_EMIT_LOC_STRINGS = YES;
				SWIFT_VERSION = 5.0;
				TARGETED_DEVICE_FAMILY = "1,2";
			};
			name = Debug;
		};
		AB5465EB2D46F81600E7517A /* Release */ = {
			isa = XCBuildConfiguration;
			buildSettings = {
				ASSETCATALOG_COMPILER_APPICON_NAME = AppIcon;
				ASSETCATALOG_COMPILER_GLOBAL_ACCENT_COLOR_NAME = AccentColor;
				CODE_SIGN_STYLE = Automatic;
				CURRENT_PROJECT_VERSION = 1;
				DEVELOPMENT_ASSET_PATHS = "\"Gesturo/Preview Content\"";
				DEVELOPMENT_TEAM = S8WS39SLKW;
				ENABLE_PREVIEWS = YES;
				GENERATE_INFOPLIST_FILE = YES;
				INFOPLIST_FILE = Gesturo/Info.plist;
				INFOPLIST_KEY_UIApplicationSceneManifest_Generation = YES;
				INFOPLIST_KEY_UIApplicationSupportsIndirectInputEvents = YES;
				INFOPLIST_KEY_UILaunchScreen_Generation = YES;
				INFOPLIST_KEY_UISupportedInterfaceOrientations_iPad = "UIInterfaceOrientationPortrait UIInterfaceOrientationPortraitUpsideDown UIInterfaceOrientationLandscapeLeft UIInterfaceOrientationLandscapeRight";
				INFOPLIST_KEY_UISupportedInterfaceOrientations_iPhone = "UIInterfaceOrientationPortrait UIInterfaceOrientationLandscapeLeft UIInterfaceOrientationLandscapeRight";
				IPHONEOS_DEPLOYMENT_TARGET = 17.6;
				LD_RUNPATH_SEARCH_PATHS = (
					"$(inherited)",
					"@executable_path/Frameworks",
				);
				MARKETING_VERSION = 1.0;
				PRODUCT_BUNDLE_IDENTIFIER = com.dechengz.Gesturo;
				PRODUCT_NAME = "$(TARGET_NAME)";
				SWIFT_EMIT_LOC_STRINGS = YES;
				SWIFT_VERSION = 5.0;
				TARGETED_DEVICE_FAMILY = "1,2";
			};
			name = Release;
		};
		AB5465ED2D46F81600E7517A /* Debug */ = {
			isa = XCBuildConfiguration;
			buildSettings = {
				BUNDLE_LOADER = "$(TEST_HOST)";
				CODE_SIGN_STYLE = Automatic;
				CURRENT_PROJECT_VERSION = 1;
				GENERATE_INFOPLIST_FILE = YES;
				IPHONEOS_DEPLOYMENT_TARGET = 18.2;
				MARKETING_VERSION = 1.0;
				PRODUCT_BUNDLE_IDENTIFIER = com.dechengz.GesturoTests;
				PRODUCT_NAME = "$(TARGET_NAME)";
				SWIFT_EMIT_LOC_STRINGS = NO;
				SWIFT_VERSION = 5.0;
				TARGETED_DEVICE_FAMILY = "1,2";
				TEST_HOST = "$(BUILT_PRODUCTS_DIR)/Gesturo.app/$(BUNDLE_EXECUTABLE_FOLDER_PATH)/Gesturo";
			};
			name = Debug;
		};
		AB5465EE2D46F81600E7517A /* Release */ = {
			isa = XCBuildConfiguration;
			buildSettings = {
				BUNDLE_LOADER = "$(TEST_HOST)";
				CODE_SIGN_STYLE = Automatic;
				CURRENT_PROJECT_VERSION = 1;
				GENERATE_INFOPLIST_FILE = YES;
				IPHONEOS_DEPLOYMENT_TARGET = 18.2;
				MARKETING_VERSION = 1.0;
				PRODUCT_BUNDLE_IDENTIFIER = com.dechengz.GesturoTests;
				PRODUCT_NAME = "$(TARGET_NAME)";
				SWIFT_EMIT_LOC_STRINGS = NO;
				SWIFT_VERSION = 5.0;
				TARGETED_DEVICE_FAMILY = "1,2";
				TEST_HOST = "$(BUILT_PRODUCTS_DIR)/Gesturo.app/$(BUNDLE_EXECUTABLE_FOLDER_PATH)/Gesturo";
			};
			name = Release;
		};
		AB5465F02D46F81600E7517A /* Debug */ = {
			isa = XCBuildConfiguration;
			buildSettings = {
				CODE_SIGN_STYLE = Automatic;
				CURRENT_PROJECT_VERSION = 1;
				GENERATE_INFOPLIST_FILE = YES;
				MARKETING_VERSION = 1.0;
				PRODUCT_BUNDLE_IDENTIFIER = com.dechengz.GesturoUITests;
				PRODUCT_NAME = "$(TARGET_NAME)";
				SWIFT_EMIT_LOC_STRINGS = NO;
				SWIFT_VERSION = 5.0;
				TARGETED_DEVICE_FAMILY = "1,2";
				TEST_TARGET_NAME = Gesturo;
			};
			name = Debug;
		};
		AB5465F12D46F81600E7517A /* Release */ = {
			isa = XCBuildConfiguration;
			buildSettings = {
				CODE_SIGN_STYLE = Automatic;
				CURRENT_PROJECT_VERSION = 1;
				GENERATE_INFOPLIST_FILE = YES;
				MARKETING_VERSION = 1.0;
				PRODUCT_BUNDLE_IDENTIFIER = com.dechengz.GesturoUITests;
				PRODUCT_NAME = "$(TARGET_NAME)";
				SWIFT_EMIT_LOC_STRINGS = NO;
				SWIFT_VERSION = 5.0;
				TARGETED_DEVICE_FAMILY = "1,2";
				TEST_TARGET_NAME = Gesturo;
			};
			name = Release;
		};
/* End XCBuildConfiguration section */

/* Begin XCConfigurationList section */
		AB5465C02D46F81500E7517A /* Build configuration list for PBXProject "Gesturo" */ = {
			isa = XCConfigurationList;
			buildConfigurations = (
				AB5465E72D46F81600E7517A /* Debug */,
				AB5465E82D46F81600E7517A /* Release */,
			);
			defaultConfigurationIsVisible = 0;
			defaultConfigurationName = Release;
		};
		AB5465E92D46F81600E7517A /* Build configuration list for PBXNativeTarget "Gesturo" */ = {
			isa = XCConfigurationList;
			buildConfigurations = (
				AB5465EA2D46F81600E7517A /* Debug */,
				AB5465EB2D46F81600E7517A /* Release */,
			);
			defaultConfigurationIsVisible = 0;
			defaultConfigurationName = Release;
		};
		AB5465EC2D46F81600E7517A /* Build configuration list for PBXNativeTarget "GesturoTests" */ = {
			isa = XCConfigurationList;
			buildConfigurations = (
				AB5465ED2D46F81600E7517A /* Debug */,
				AB5465EE2D46F81600E7517A /* Release */,
			);
			defaultConfigurationIsVisible = 0;
			defaultConfigurationName = Release;
		};
		AB5465EF2D46F81600E7517A /* Build configuration list for PBXNativeTarget "GesturoUITests" */ = {
			isa = XCConfigurationList;
			buildConfigurations = (
				AB5465F02D46F81600E7517A /* Debug */,
				AB5465F12D46F81600E7517A /* Release */,
			);
			defaultConfigurationIsVisible = 0;
			defaultConfigurationName = Release;
		};
/* End XCConfigurationList section */

/* Begin XCRemoteSwiftPackageReference section */
		AB729BFE2D4887E0004D3F13 /* XCRemoteSwiftPackageReference "swift-dotenv" */ = {
			isa = XCRemoteSwiftPackageReference;
			repositoryURL = "https://github.com/thebarndog/swift-dotenv.git";
			requirement = {
				kind = upToNextMajorVersion;
				minimumVersion = 2.1.0;
			};
		};
/* End XCRemoteSwiftPackageReference section */

/* Begin XCSwiftPackageProductDependency section */
		AB729BFF2D4887E1004D3F13 /* SwiftDotenv */ = {
			isa = XCSwiftPackageProductDependency;
			package = AB729BFE2D4887E0004D3F13 /* XCRemoteSwiftPackageReference "swift-dotenv" */;
			productName = SwiftDotenv;
		};
/* End XCSwiftPackageProductDependency section */
	};
	rootObject = AB5465BD2D46F81500E7517A /* Project object */;
}
